
Microsoft Visual Studio Solution File, Format Version 12.00
# Visual Studio Version 16
VisualStudioVersion = 16.0.31321.278
MinimumVisualStudioVersion = 10.0.40219.1
Project("{FAE04EC0-301F-11D3-BF4B-00C04F79EFBC}") = "SumStatement", "SumStatement\SumStatement.csproj", "{B52416F2-FB35-4B25-9F80-07BE5912BFE7}"
EndProject
Global
	GlobalSection(SolutionConfigurationPlatforms) = preSolution
		Debug|Any CPU = Debug|Any CPU
		Release|Any CPU = Release|Any CPU
	EndGlobalSection
	GlobalSection(ProjectConfigurationPlatforms) = postSolution
		{B52416F2-FB35-4B25-9F80-07BE5912BFE7}.Debug|Any CPU.ActiveCfg = Debug|Any CPU
		{B52416F2-FB35-4B25-9F80-07BE5912BFE7}.Debug|Any CPU.Build.0 = Debug|Any CPU
		{B52416F2-FB35-4B25-9F80-07BE5912BFE7}.Release|Any CPU.ActiveCfg = Release|Any CPU
		{B52416F2-FB35-4B25-9F80-07BE5912BFE7}.Release|Any CPU.Build.0 = Release|Any CPU
	EndGlobalSection
	GlobalSection(SolutionProperties) = preSolution
		HideSolutionNode = FALSE
	EndGlobalSection
	GlobalSection(ExtensibilityGlobals) = postSolution
		SolutionGuid = {51D25E90-A384-4D36-AA0B-6701D3921CD7}
	EndGlobalSection
EndGlobal
